
Microsoft Visual Studio Solution File, Format Version 12.00
# Visual Studio 15
VisualStudioVersion = 15.0.27428.2037
MinimumVisualStudioVersion = 10.0.40219.1
Project("{9A19103F-16F7-4668-BE54-9A1E7A4F7556}") = "IBMCloud.NetStandardCore", "IBMCloud.NetStandardCore\IBMCloud.NetStandardCore.csproj", "{53DE6F16-E08F-454C-85E2-A0FA5AF9C9D3}"
EndProject
Project("{9A19103F-16F7-4668-BE54-9A1E7A4F7556}") = "Watson.NetCoreConsole", "Watson.NetCoreConsole\Watson.NetCoreConsole.csproj", "{B05050E2-363F-4567-95A3-BFFD469BC7E9}"
EndProject
Project("{FAE04EC0-301F-11D3-BF4B-00C04F79EFBC}") = "XFChatApp.Android", "XFChatApp\XFChatApp.Android\XFChatApp.Android.csproj", "{DC8CFA22-DACA-4E1C-BF4C-3EC287BB2663}"
EndProject
Project("{FAE04EC0-301F-11D3-BF4B-00C04F79EFBC}") = "XFChatApp.iOS", "XFChatApp\XFChatApp.iOS\XFChatApp.iOS.csproj", "{763E7AB9-2D81-4DEA-A0CF-A8B74AA88CB7}"
EndProject
Project("{9A19103F-16F7-4668-BE54-9A1E7A4F7556}") = "XFChatApp", "XFChatApp\XFChatApp\XFChatApp.csproj", "{5E5AB869-3764-4F69-B609-816ED2417F5D}"
EndProject
Project("{2150E333-8FDC-42A3-9474-1A3956D46DE8}") = "Mobile", "Mobile", "{9E9D2F5C-66BE-49E8-8750-D3125748B42A}"
EndProject
Project("{9A19103F-16F7-4668-BE54-9A1E7A4F7556}") = "CloudServices.Core", "CloudServices.Core\CloudServices.Core.csproj", "{2318C4A7-B2A8-4A67-8E3E-D68D0A8B5BBA}"
EndProject
Project("{9A19103F-16F7-4668-BE54-9A1E7A4F7556}") = "Azure.NetStandardCore", "Azure.NetStandardCore\Azure.NetStandardCore.csproj", "{A888C587-FD56-4AF7-8646-EBA1DC0A9173}"
EndProject
Global
	GlobalSection(SolutionConfigurationPlatforms) = preSolution
		Ad-Hoc|Any CPU = Ad-Hoc|Any CPU
		Ad-Hoc|iPhone = Ad-Hoc|iPhone
		Ad-Hoc|iPhoneSimulator = Ad-Hoc|iPhoneSimulator
		AppStore|Any CPU = AppStore|Any CPU
		AppStore|iPhone = AppStore|iPhone
		AppStore|iPhoneSimulator = AppStore|iPhoneSimulator
		Debug|Any CPU = Debug|Any CPU
		Debug|iPhone = Debug|iPhone
		Debug|iPhoneSimulator = Debug|iPhoneSimulator
		Release|Any CPU = Release|Any CPU
		Release|iPhone = Release|iPhone
		Release|iPhoneSimulator = Release|iPhoneSimulator
	EndGlobalSection
	GlobalSection(ProjectConfigurationPlatforms) = postSolution
		{53DE6F16-E08F-454C-85E2-A0FA5AF9C9D3}.Ad-Hoc|Any CPU.ActiveCfg = Debug|Any CPU
		{53DE6F16-E08F-454C-85E2-A0FA5AF9C9D3}.Ad-Hoc|Any CPU.Build.0 = Debug|Any CPU
		{53DE6F16-E08F-454C-85E2-A0FA5AF9C9D3}.Ad-Hoc|iPhone.ActiveCfg = Debug|Any CPU
		{53DE6F16-E08F-454C-85E2-A0FA5AF9C9D3}.Ad-Hoc|iPhone.Build.0 = Debug|Any CPU
		{53DE6F16-E08F-454C-85E2-A0FA5AF9C9D3}.Ad-Hoc|iPhoneSimulator.ActiveCfg = Debug|Any CPU
		{53DE6F16-E08F-454C-85E2-A0FA5AF9C9D3}.Ad-Hoc|iPhoneSimulator.Build.0 = Debug|Any CPU
		{53DE6F16-E08F-454C-85E2-A0FA5AF9C9D3}.AppStore|Any CPU.ActiveCfg = Debug|Any CPU
		{53DE6F16-E08F-454C-85E2-A0FA5AF9C9D3}.AppStore|Any CPU.Build.0 = Debug|Any CPU
		{53DE6F16-E08F-454C-85E2-A0FA5AF9C9D3}.AppStore|iPhone.ActiveCfg = Debug|Any CPU
		{53DE6F16-E08F-454C-85E2-A0FA5AF9C9D3}.AppStore|iPhone.Build.0 = Debug|Any CPU
		{53DE6F16-E08F-454C-85E2-A0FA5AF9C9D3}.AppStore|iPhoneSimulator.ActiveCfg = Debug|Any CPU
		{53DE6F16-E08F-454C-85E2-A0FA5AF9C9D3}.AppStore|iPhoneSimulator.Build.0 = Debug|Any CPU
		{53DE6F16-E08F-454C-85E2-A0FA5AF9C9D3}.Debug|Any CPU.ActiveCfg = Debug|Any CPU
		{53DE6F16-E08F-454C-85E2-A0FA5AF9C9D3}.Debug|Any CPU.Build.0 = Debug|Any CPU
		{53DE6F16-E08F-454C-85E2-A0FA5AF9C9D3}.Debug|iPhone.ActiveCfg = Debug|Any CPU
		{53DE6F16-E08F-454C-85E2-A0FA5AF9C9D3}.Debug|iPhone.Build.0 = Debug|Any CPU
		{53DE6F16-E08F-454C-85E2-A0FA5AF9C9D3}.Debug|iPhoneSimulator.ActiveCfg = Debug|Any CPU
		{53DE6F16-E08F-454C-85E2-A0FA5AF9C9D3}.Debug|iPhoneSimulator.Build.0 = Debug|Any CPU
		{53DE6F16-E08F-454C-85E2-A0FA5AF9C9D3}.Release|Any CPU.ActiveCfg = Release|Any CPU
		{53DE6F16-E08F-454C-85E2-A0FA5AF9C9D3}.Release|Any CPU.Build.0 = Release|Any CPU
		{53DE6F16-E08F-454C-85E2-A0FA5AF9C9D3}.Release|iPhone.ActiveCfg = Release|Any CPU
		{53DE6F16-E08F-454C-85E2-A0FA5AF9C9D3}.Release|iPhone.Build.0 = Release|Any CPU
		{53DE6F16-E08F-454C-85E2-A0FA5AF9C9D3}.Release|iPhoneSimulator.ActiveCfg = Release|Any CPU
		{53DE6F16-E08F-454C-85E2-A0FA5AF9C9D3}.Release|iPhoneSimulator.Build.0 = Release|Any CPU
		{B05050E2-363F-4567-95A3-BFFD469BC7E9}.Ad-Hoc|Any CPU.ActiveCfg = Debug|Any CPU
		{B05050E2-363F-4567-95A3-BFFD469BC7E9}.Ad-Hoc|Any CPU.Build.0 = Debug|Any CPU
		{B05050E2-363F-4567-95A3-BFFD469BC7E9}.Ad-Hoc|iPhone.ActiveCfg = Debug|Any CPU
		{B05050E2-363F-4567-95A3-BFFD469BC7E9}.Ad-Hoc|iPhone.Build.0 = Debug|Any CPU
		{B05050E2-363F-4567-95A3-BFFD469BC7E9}.Ad-Hoc|iPhoneSimulator.ActiveCfg = Debug|Any CPU
		{B05050E2-363F-4567-95A3-BFFD469BC7E9}.Ad-Hoc|iPhoneSimulator.Build.0 = Debug|Any CPU
		{B05050E2-363F-4567-95A3-BFFD469BC7E9}.AppStore|Any CPU.ActiveCfg = Debug|Any CPU
		{B05050E2-363F-4567-95A3-BFFD469BC7E9}.AppStore|Any CPU.Build.0 = Debug|Any CPU
		{B05050E2-363F-4567-95A3-BFFD469BC7E9}.AppStore|iPhone.ActiveCfg = Debug|Any CPU
		{B05050E2-363F-4567-95A3-BFFD469BC7E9}.AppStore|iPhone.Build.0 = Debug|Any CPU
		{B05050E2-363F-4567-95A3-BFFD469BC7E9}.AppStore|iPhoneSimulator.ActiveCfg = Debug|Any CPU
		{B05050E2-363F-4567-95A3-BFFD469BC7E9}.AppStore|iPhoneSimulator.Build.0 = Debug|Any CPU
		{B05050E2-363F-4567-95A3-BFFD469BC7E9}.Debug|Any CPU.ActiveCfg = Debug|Any CPU
		{B05050E2-363F-4567-95A3-BFFD469BC7E9}.Debug|Any CPU.Build.0 = Debug|Any CPU
		{B05050E2-363F-4567-95A3-BFFD469BC7E9}.Debug|iPhone.ActiveCfg = Debug|Any CPU
		{B05050E2-363F-4567-95A3-BFFD469BC7E9}.Debug|iPhone.Build.0 = Debug|Any CPU
		{B05050E2-363F-4567-95A3-BFFD469BC7E9}.Debug|iPhoneSimulator.ActiveCfg = Debug|Any CPU
		{B05050E2-363F-4567-95A3-BFFD469BC7E9}.Debug|iPhoneSimulator.Build.0 = Debug|Any CPU
		{B05050E2-363F-4567-95A3-BFFD469BC7E9}.Release|Any CPU.ActiveCfg = Release|Any CPU
		{B05050E2-363F-4567-95A3-BFFD469BC7E9}.Release|Any CPU.Build.0 = Release|Any CPU
		{B05050E2-363F-4567-95A3-BFFD469BC7E9}.Release|iPhone.ActiveCfg = Release|Any CPU
		{B05050E2-363F-4567-95A3-BFFD469BC7E9}.Release|iPhone.Build.0 = Release|Any CPU
		{B05050E2-363F-4567-95A3-BFFD469BC7E9}.Release|iPhoneSimulator.ActiveCfg = Release|Any CPU
		{B05050E2-363F-4567-95A3-BFFD469BC7E9}.Release|iPhoneSimulator.Build.0 = Release|Any CPU
		{DC8CFA22-DACA-4E1C-BF4C-3EC287BB2663}.Ad-Hoc|Any CPU.ActiveCfg = Release|Any CPU
		{DC8CFA22-DACA-4E1C-BF4C-3EC287BB2663}.Ad-Hoc|Any CPU.Build.0 = Release|Any CPU
		{DC8CFA22-DACA-4E1C-BF4C-3EC287BB2663}.Ad-Hoc|Any CPU.Deploy.0 = Release|Any CPU
		{DC8CFA22-DACA-4E1C-BF4C-3EC287BB2663}.Ad-Hoc|iPhone.ActiveCfg = Release|Any CPU
		{DC8CFA22-DACA-4E1C-BF4C-3EC287BB2663}.Ad-Hoc|iPhone.Build.0 = Release|Any CPU
		{DC8CFA22-DACA-4E1C-BF4C-3EC287BB2663}.Ad-Hoc|iPhone.Deploy.0 = Release|Any CPU
		{DC8CFA22-DACA-4E1C-BF4C-3EC287BB2663}.Ad-Hoc|iPhoneSimulator.ActiveCfg = Release|Any CPU
		{DC8CFA22-DACA-4E1C-BF4C-3EC287BB2663}.Ad-Hoc|iPhoneSimulator.Build.0 = Release|Any CPU
		{DC8CFA22-DACA-4E1C-BF4C-3EC287BB2663}.Ad-Hoc|iPhoneSimulator.Deploy.0 = Release|Any CPU
		{DC8CFA22-DACA-4E1C-BF4C-3EC287BB2663}.AppStore|Any CPU.ActiveCfg = Release|Any CPU
		{DC8CFA22-DACA-4E1C-BF4C-3EC287BB2663}.AppStore|Any CPU.Build.0 = Release|Any CPU
		{DC8CFA22-DACA-4E1C-BF4C-3EC287BB2663}.AppStore|Any CPU.Deploy.0 = Release|Any CPU
		{DC8CFA22-DACA-4E1C-BF4C-3EC287BB2663}.AppStore|iPhone.ActiveCfg = Release|Any CPU
		{DC8CFA22-DACA-4E1C-BF4C-3EC287BB2663}.AppStore|iPhone.Build.0 = Release|Any CPU
		{DC8CFA22-DACA-4E1C-BF4C-3EC287BB2663}.AppStore|iPhone.Deploy.0 = Release|Any CPU
		{DC8CFA22-DACA-4E1C-BF4C-3EC287BB2663}.AppStore|iPhoneSimulator.ActiveCfg = Release|Any CPU
		{DC8CFA22-DACA-4E1C-BF4C-3EC287BB2663}.AppStore|iPhoneSimulator.Build.0 = Release|Any CPU
		{DC8CFA22-DACA-4E1C-BF4C-3EC287BB2663}.AppStore|iPhoneSimulator.Deploy.0 = Release|Any CPU
		{DC8CFA22-DACA-4E1C-BF4C-3EC287BB2663}.Debug|Any CPU.ActiveCfg = Debug|Any CPU
		{DC8CFA22-DACA-4E1C-BF4C-3EC287BB2663}.Debug|Any CPU.Build.0 = Debug|Any CPU
		{DC8CFA22-DACA-4E1C-BF4C-3EC287BB2663}.Debug|Any CPU.Deploy.0 = Debug|Any CPU
		{DC8CFA22-DACA-4E1C-BF4C-3EC287BB2663}.Debug|iPhone.ActiveCfg = Debug|Any CPU
		{DC8CFA22-DACA-4E1C-BF4C-3EC287BB2663}.Debug|iPhone.Build.0 = Debug|Any CPU
		{DC8CFA22-DACA-4E1C-BF4C-3EC287BB2663}.Debug|iPhone.Deploy.0 = Debug|Any CPU
		{DC8CFA22-DACA-4E1C-BF4C-3EC287BB2663}.Debug|iPhoneSimulator.ActiveCfg = Debug|Any CPU
		{DC8CFA22-DACA-4E1C-BF4C-3EC287BB2663}.Debug|iPhoneSimulator.Build.0 = Debug|Any CPU
		{DC8CFA22-DACA-4E1C-BF4C-3EC287BB2663}.Debug|iPhoneSimulator.Deploy.0 = Debug|Any CPU
		{DC8CFA22-DACA-4E1C-BF4C-3EC287BB2663}.Release|Any CPU.ActiveCfg = Release|Any CPU
		{DC8CFA22-DACA-4E1C-BF4C-3EC287BB2663}.Release|Any CPU.Build.0 = Release|Any CPU
		{DC8CFA22-DACA-4E1C-BF4C-3EC287BB2663}.Release|Any CPU.Deploy.0 = Release|Any CPU
		{DC8CFA22-DACA-4E1C-BF4C-3EC287BB2663}.Release|iPhone.ActiveCfg = Release|Any CPU
		{DC8CFA22-DACA-4E1C-BF4C-3EC287BB2663}.Release|iPhone.Build.0 = Release|Any CPU
		{DC8CFA22-DACA-4E1C-BF4C-3EC287BB2663}.Release|iPhone.Deploy.0 = Release|Any CPU
		{DC8CFA22-DACA-4E1C-BF4C-3EC287BB2663}.Release|iPhoneSimulator.ActiveCfg = Release|Any CPU
		{DC8CFA22-DACA-4E1C-BF4C-3EC287BB2663}.Release|iPhoneSimulator.Build.0 = Release|Any CPU
		{DC8CFA22-DACA-4E1C-BF4C-3EC287BB2663}.Release|iPhoneSimulator.Deploy.0 = Release|Any CPU
		{763E7AB9-2D81-4DEA-A0CF-A8B74AA88CB7}.Ad-Hoc|Any CPU.ActiveCfg = Ad-Hoc|iPhone
		{763E7AB9-2D81-4DEA-A0CF-A8B74AA88CB7}.Ad-Hoc|iPhone.ActiveCfg = Ad-Hoc|iPhone
		{763E7AB9-2D81-4DEA-A0CF-A8B74AA88CB7}.Ad-Hoc|iPhone.Build.0 = Ad-Hoc|iPhone
		{763E7AB9-2D81-4DEA-A0CF-A8B74AA88CB7}.Ad-Hoc|iPhoneSimulator.ActiveCfg = Ad-Hoc|iPhoneSimulator
		{763E7AB9-2D81-4DEA-A0CF-A8B74AA88CB7}.Ad-Hoc|iPhoneSimulator.Build.0 = Ad-Hoc|iPhoneSimulator
		{763E7AB9-2D81-4DEA-A0CF-A8B74AA88CB7}.AppStore|Any CPU.ActiveCfg = AppStore|iPhone
		{763E7AB9-2D81-4DEA-A0CF-A8B74AA88CB7}.AppStore|iPhone.ActiveCfg = AppStore|iPhone
		{763E7AB9-2D81-4DEA-A0CF-A8B74AA88CB7}.AppStore|iPhone.Build.0 = AppStore|iPhone
		{763E7AB9-2D81-4DEA-A0CF-A8B74AA88CB7}.AppStore|iPhoneSimulator.ActiveCfg = AppStore|iPhoneSimulator
		{763E7AB9-2D81-4DEA-A0CF-A8B74AA88CB7}.AppStore|iPhoneSimulator.Build.0 = AppStore|iPhoneSimulator
		{763E7AB9-2D81-4DEA-A0CF-A8B74AA88CB7}.Debug|Any CPU.ActiveCfg = Debug|iPhone
		{763E7AB9-2D81-4DEA-A0CF-A8B74AA88CB7}.Debug|iPhone.ActiveCfg = Debug|iPhone
		{763E7AB9-2D81-4DEA-A0CF-A8B74AA88CB7}.Debug|iPhone.Build.0 = Debug|iPhone
		{763E7AB9-2D81-4DEA-A0CF-A8B74AA88CB7}.Debug|iPhoneSimulator.ActiveCfg = Debug|iPhoneSimulator
		{763E7AB9-2D81-4DEA-A0CF-A8B74AA88CB7}.Debug|iPhoneSimulator.Build.0 = Debug|iPhoneSimulator
		{763E7AB9-2D81-4DEA-A0CF-A8B74AA88CB7}.Release|Any CPU.ActiveCfg = Release|iPhone
		{763E7AB9-2D81-4DEA-A0CF-A8B74AA88CB7}.Release|iPhone.ActiveCfg = Release|iPhone
		{763E7AB9-2D81-4DEA-A0CF-A8B74AA88CB7}.Release|iPhone.Build.0 = Release|iPhone
		{763E7AB9-2D81-4DEA-A0CF-A8B74AA88CB7}.Release|iPhoneSimulator.ActiveCfg = Release|iPhoneSimulator
		{763E7AB9-2D81-4DEA-A0CF-A8B74AA88CB7}.Release|iPhoneSimulator.Build.0 = Release|iPhoneSimulator
		{5E5AB869-3764-4F69-B609-816ED2417F5D}.Ad-Hoc|Any CPU.ActiveCfg = Debug|Any CPU
		{5E5AB869-3764-4F69-B609-816ED2417F5D}.Ad-Hoc|Any CPU.Build.0 = Debug|Any CPU
		{5E5AB869-3764-4F69-B609-816ED2417F5D}.Ad-Hoc|iPhone.ActiveCfg = Debug|Any CPU
		{5E5AB869-3764-4F69-B609-816ED2417F5D}.Ad-Hoc|iPhone.Build.0 = Debug|Any CPU
		{5E5AB869-3764-4F69-B609-816ED2417F5D}.Ad-Hoc|iPhoneSimulator.ActiveCfg = Debug|Any CPU
		{5E5AB869-3764-4F69-B609-816ED2417F5D}.Ad-Hoc|iPhoneSimulator.Build.0 = Debug|Any CPU
		{5E5AB869-3764-4F69-B609-816ED2417F5D}.AppStore|Any CPU.ActiveCfg = Debug|Any CPU
		{5E5AB869-3764-4F69-B609-816ED2417F5D}.AppStore|Any CPU.Build.0 = Debug|Any CPU
		{5E5AB869-3764-4F69-B609-816ED2417F5D}.AppStore|iPhone.ActiveCfg = Debug|Any CPU
		{5E5AB869-3764-4F69-B609-816ED2417F5D}.AppStore|iPhone.Build.0 = Debug|Any CPU
		{5E5AB869-3764-4F69-B609-816ED2417F5D}.AppStore|iPhoneSimulator.ActiveCfg = Debug|Any CPU
		{5E5AB869-3764-4F69-B609-816ED2417F5D}.AppStore|iPhoneSimulator.Build.0 = Debug|Any CPU
		{5E5AB869-3764-4F69-B609-816ED2417F5D}.Debug|Any CPU.ActiveCfg = Debug|Any CPU
		{5E5AB869-3764-4F69-B609-816ED2417F5D}.Debug|Any CPU.Build.0 = Debug|Any CPU
		{5E5AB869-3764-4F69-B609-816ED2417F5D}.Debug|iPhone.ActiveCfg = Debug|Any CPU
		{5E5AB869-3764-4F69-B609-816ED2417F5D}.Debug|iPhone.Build.0 = Debug|Any CPU
		{5E5AB869-3764-4F69-B609-816ED2417F5D}.Debug|iPhoneSimulator.ActiveCfg = Debug|Any CPU
		{5E5AB869-3764-4F69-B609-816ED2417F5D}.Debug|iPhoneSimulator.Build.0 = Debug|Any CPU
		{5E5AB869-3764-4F69-B609-816ED2417F5D}.Release|Any CPU.ActiveCfg = Release|Any CPU
		{5E5AB869-3764-4F69-B609-816ED2417F5D}.Release|Any CPU.Build.0 = Release|Any CPU
		{5E5AB869-3764-4F69-B609-816ED2417F5D}.Release|iPhone.ActiveCfg = Release|Any CPU
		{5E5AB869-3764-4F69-B609-816ED2417F5D}.Release|iPhone.Build.0 = Release|Any CPU
		{5E5AB869-3764-4F69-B609-816ED2417F5D}.Release|iPhoneSimulator.ActiveCfg = Release|Any CPU
		{5E5AB869-3764-4F69-B609-816ED2417F5D}.Release|iPhoneSimulator.Build.0 = Release|Any CPU
		{2318C4A7-B2A8-4A67-8E3E-D68D0A8B5BBA}.Ad-Hoc|Any CPU.ActiveCfg = Release|Any CPU
		{2318C4A7-B2A8-4A67-8E3E-D68D0A8B5BBA}.Ad-Hoc|Any CPU.Build.0 = Release|Any CPU
		{2318C4A7-B2A8-4A67-8E3E-D68D0A8B5BBA}.Ad-Hoc|iPhone.ActiveCfg = Release|Any CPU
		{2318C4A7-B2A8-4A67-8E3E-D68D0A8B5BBA}.Ad-Hoc|iPhone.Build.0 = Release|Any CPU
		{2318C4A7-B2A8-4A67-8E3E-D68D0A8B5BBA}.Ad-Hoc|iPhoneSimulator.ActiveCfg = Release|Any CPU
		{2318C4A7-B2A8-4A67-8E3E-D68D0A8B5BBA}.Ad-Hoc|iPhoneSimulator.Build.0 = Release|Any CPU
		{2318C4A7-B2A8-4A67-8E3E-D68D0A8B5BBA}.AppStore|Any CPU.ActiveCfg = Release|Any CPU
		{2318C4A7-B2A8-4A67-8E3E-D68D0A8B5BBA}.AppStore|Any CPU.Build.0 = Release|Any CPU
		{2318C4A7-B2A8-4A67-8E3E-D68D0A8B5BBA}.AppStore|iPhone.ActiveCfg = Release|Any CPU
		{2318C4A7-B2A8-4A67-8E3E-D68D0A8B5BBA}.AppStore|iPhone.Build.0 = Release|Any CPU
		{2318C4A7-B2A8-4A67-8E3E-D68D0A8B5BBA}.AppStore|iPhoneSimulator.ActiveCfg = Release|Any CPU
		{2318C4A7-B2A8-4A67-8E3E-D68D0A8B5BBA}.AppStore|iPhoneSimulator.Build.0 = Release|Any CPU
		{2318C4A7-B2A8-4A67-8E3E-D68D0A8B5BBA}.Debug|Any CPU.ActiveCfg = Debug|Any CPU
		{2318C4A7-B2A8-4A67-8E3E-D68D0A8B5BBA}.Debug|Any CPU.Build.0 = Debug|Any CPU
		{2318C4A7-B2A8-4A67-8E3E-D68D0A8B5BBA}.Debug|iPhone.ActiveCfg = Debug|Any CPU
		{2318C4A7-B2A8-4A67-8E3E-D68D0A8B5BBA}.Debug|iPhone.Build.0 = Debug|Any CPU
		{2318C4A7-B2A8-4A67-8E3E-D68D0A8B5BBA}.Debug|iPhoneSimulator.ActiveCfg = Debug|Any CPU
		{2318C4A7-B2A8-4A67-8E3E-D68D0A8B5BBA}.Debug|iPhoneSimulator.Build.0 = Debug|Any CPU
		{2318C4A7-B2A8-4A67-8E3E-D68D0A8B5BBA}.Release|Any CPU.ActiveCfg = Release|Any CPU
		{2318C4A7-B2A8-4A67-8E3E-D68D0A8B5BBA}.Release|Any CPU.Build.0 = Release|Any CPU
		{2318C4A7-B2A8-4A67-8E3E-D68D0A8B5BBA}.Release|iPhone.ActiveCfg = Release|Any CPU
		{2318C4A7-B2A8-4A67-8E3E-D68D0A8B5BBA}.Release|iPhone.Build.0 = Release|Any CPU
		{2318C4A7-B2A8-4A67-8E3E-D68D0A8B5BBA}.Release|iPhoneSimulator.ActiveCfg = Release|Any CPU
		{2318C4A7-B2A8-4A67-8E3E-D68D0A8B5BBA}.Release|iPhoneSimulator.Build.0 = Release|Any CPU
		{A888C587-FD56-4AF7-8646-EBA1DC0A9173}.Ad-Hoc|Any CPU.ActiveCfg = Release|Any CPU
		{A888C587-FD56-4AF7-8646-EBA1DC0A9173}.Ad-Hoc|Any CPU.Build.0 = Release|Any CPU
		{A888C587-FD56-4AF7-8646-EBA1DC0A9173}.Ad-Hoc|iPhone.ActiveCfg = Release|Any CPU
		{A888C587-FD56-4AF7-8646-EBA1DC0A9173}.Ad-Hoc|iPhone.Build.0 = Release|Any CPU
		{A888C587-FD56-4AF7-8646-EBA1DC0A9173}.Ad-Hoc|iPhoneSimulator.ActiveCfg = Release|Any CPU
		{A888C587-FD56-4AF7-8646-EBA1DC0A9173}.Ad-Hoc|iPhoneSimulator.Build.0 = Release|Any CPU
		{A888C587-FD56-4AF7-8646-EBA1DC0A9173}.AppStore|Any CPU.ActiveCfg = Release|Any CPU
		{A888C587-FD56-4AF7-8646-EBA1DC0A9173}.AppStore|Any CPU.Build.0 = Release|Any CPU
		{A888C587-FD56-4AF7-8646-EBA1DC0A9173}.AppStore|iPhone.ActiveCfg = Release|Any CPU
		{A888C587-FD56-4AF7-8646-EBA1DC0A9173}.AppStore|iPhone.Build.0 = Release|Any CPU
		{A888C587-FD56-4AF7-8646-EBA1DC0A9173}.AppStore|iPhoneSimulator.ActiveCfg = Release|Any CPU
		{A888C587-FD56-4AF7-8646-EBA1DC0A9173}.AppStore|iPhoneSimulator.Build.0 = Release|Any CPU
		{A888C587-FD56-4AF7-8646-EBA1DC0A9173}.Debug|Any CPU.ActiveCfg = Debug|Any CPU
		{A888C587-FD56-4AF7-8646-EBA1DC0A9173}.Debug|Any CPU.Build.0 = Debug|Any CPU
		{A888C587-FD56-4AF7-8646-EBA1DC0A9173}.Debug|iPhone.ActiveCfg = Debug|Any CPU
		{A888C587-FD56-4AF7-8646-EBA1DC0A9173}.Debug|iPhone.Build.0 = Debug|Any CPU
		{A888C587-FD56-4AF7-8646-EBA1DC0A9173}.Debug|iPhoneSimulator.ActiveCfg = Debug|Any CPU
		{A888C587-FD56-4AF7-8646-EBA1DC0A9173}.Debug|iPhoneSimulator.Build.0 = Debug|Any CPU
		{A888C587-FD56-4AF7-8646-EBA1DC0A9173}.Release|Any CPU.ActiveCfg = Release|Any CPU
		{A888C587-FD56-4AF7-8646-EBA1DC0A9173}.Release|Any CPU.Build.0 = Release|Any CPU
		{A888C587-FD56-4AF7-8646-EBA1DC0A9173}.Release|iPhone.ActiveCfg = Release|Any CPU
		{A888C587-FD56-4AF7-8646-EBA1DC0A9173}.Release|iPhone.Build.0 = Release|Any CPU
		{A888C587-FD56-4AF7-8646-EBA1DC0A9173}.Release|iPhoneSimulator.ActiveCfg = Release|Any CPU
		{A888C587-FD56-4AF7-8646-EBA1DC0A9173}.Release|iPhoneSimulator.Build.0 = Release|Any CPU
	EndGlobalSection
	GlobalSection(SolutionProperties) = preSolution
		HideSolutionNode = FALSE
	EndGlobalSection
	GlobalSection(NestedProjects) = preSolution
		{DC8CFA22-DACA-4E1C-BF4C-3EC287BB2663} = {9E9D2F5C-66BE-49E8-8750-D3125748B42A}
		{763E7AB9-2D81-4DEA-A0CF-A8B74AA88CB7} = {9E9D2F5C-66BE-49E8-8750-D3125748B42A}
		{5E5AB869-3764-4F69-B609-816ED2417F5D} = {9E9D2F5C-66BE-49E8-8750-D3125748B42A}
	EndGlobalSection
	GlobalSection(ExtensibilityGlobals) = postSolution
		SolutionGuid = {B5474464-CE05-4D32-81F5-2C8E55CB900C}
	EndGlobalSection
EndGlobal
